// !$*UTF8*$!
{
	archiveVersion = 1;
	classes = {
	};
	objectVersion = 46;
	objects = {

/* Begin PBXBuildFile section */
		0A2FA49D1712B6D800B5797C /* RadioTunes.framework in Frameworks */ = {isa = PBXBuildFile; fileRef = 0A2FA49C1712B6D800B5797C /* RadioTunes.framework */; };
		0A46520916A6DAEE0055687E /* AVFoundation.framework in Frameworks */ = {isa = PBXBuildFile; fileRef = 0A46520816A6DAEE0055687E /* AVFoundation.framework */; };
		0A46520E16A6DB060055687E /* RecordingsViewController.m in Sources */ = {isa = PBXBuildFile; fileRef = 0A46520D16A6DB060055687E /* RecordingsViewController.m */; };
		0A46521016A6DB130055687E /* RecordingsView.xib in Resources */ = {isa = PBXBuildFile; fileRef = 0A46520F16A6DB130055687E /* RecordingsView.xib */; };
		0A46521D16A6DC010055687E /* bar.png in Resources */ = {isa = PBXBuildFile; fileRef = 0A46521716A6DC010055687E /* bar.png */; };
		0A46521E16A6DC010055687E /* bar@2x.png in Resources */ = {isa = PBXBuildFile; fileRef = 0A46521816A6DC010055687E /* bar@2x.png */; };
		0A46521F16A6DC010055687E /* record_off.png in Resources */ = {isa = PBXBuildFile; fileRef = 0A46521916A6DC010055687E /* record_off.png */; };
		0A46522016A6DC010055687E /* record_off@2x.png in Resources */ = {isa = PBXBuildFile; fileRef = 0A46521A16A6DC010055687E /* record_off@2x.png */; };
		0A46522116A6DC010055687E /* record_on.png in Resources */ = {isa = PBXBuildFile; fileRef = 0A46521B16A6DC010055687E /* record_on.png */; };
		0A46522216A6DC010055687E /* record_on@2x.png in Resources */ = {isa = PBXBuildFile; fileRef = 0A46521C16A6DC010055687E /* record_on@2x.png */; };
		0A46522716A6DD290055687E /* libxml2.dylib in Frameworks */ = {isa = PBXBuildFile; fileRef = 0AAC5939155D3B81008D02C2 /* libxml2.dylib */; };
		0A46522A16A6DD3B0055687E /* libz.dylib in Frameworks */ = {isa = PBXBuildFile; fileRef = 0AAC593B155D3B87008D02C2 /* libz.dylib */; };
		0AAC58C9155D3A65008D02C2 /* UIKit.framework in Frameworks */ = {isa = PBXBuildFile; fileRef = 0AAC58C8155D3A65008D02C2 /* UIKit.framework */; };
		0AAC58CB155D3A65008D02C2 /* Foundation.framework in Frameworks */ = {isa = PBXBuildFile; fileRef = 0AAC58CA155D3A65008D02C2 /* Foundation.framework */; };
		0AAC58CD155D3A65008D02C2 /* CoreGraphics.framework in Frameworks */ = {isa = PBXBuildFile; fileRef = 0AAC58CC155D3A65008D02C2 /* CoreGraphics.framework */; };
		0AAC58D3155D3A65008D02C2 /* InfoPlist.strings in Resources */ = {isa = PBXBuildFile; fileRef = 0AAC58D1155D3A65008D02C2 /* InfoPlist.strings */; };
		0AAC58D5155D3A65008D02C2 /* main.m in Sources */ = {isa = PBXBuildFile; fileRef = 0AAC58D4155D3A65008D02C2 /* main.m */; };
		0AAC58D9155D3A65008D02C2 /* AppDelegate.m in Sources */ = {isa = PBXBuildFile; fileRef = 0AAC58D8155D3A65008D02C2 /* AppDelegate.m */; };
		0AAC58E1155D3AD3008D02C2 /* MainViewController.m in Sources */ = {isa = PBXBuildFile; fileRef = 0AAC58E0155D3AD3008D02C2 /* MainViewController.m */; };
		0AAC58E3155D3ADC008D02C2 /* MainView.xib in Resources */ = {isa = PBXBuildFile; fileRef = 0AAC58E2155D3ADC008D02C2 /* MainView.xib */; };
		0AAC5936155D3B65008D02C2 /* AudioToolbox.framework in Frameworks */ = {isa = PBXBuildFile; fileRef = 0AAC5935155D3B65008D02C2 /* AudioToolbox.framework */; };
		0AAC5938155D3B6E008D02C2 /* SystemConfiguration.framework in Frameworks */ = {isa = PBXBuildFile; fileRef = 0AAC5937155D3B6E008D02C2 /* SystemConfiguration.framework */; };
		0AAC5950155D3E61008D02C2 /* bg.png in Resources */ = {isa = PBXBuildFile; fileRef = 0AAC5940155D3E61008D02C2 /* bg.png */; };
		0AAC5951155D3E61008D02C2 /* bg@2x.png in Resources */ = {isa = PBXBuildFile; fileRef = 0AAC5941155D3E61008D02C2 /* bg@2x.png */; };
		0AAC5952155D3E61008D02C2 /* knob.png in Resources */ = {isa = PBXBuildFile; fileRef = 0AAC5942155D3E61008D02C2 /* knob.png */; };
		0AAC5953155D3E61008D02C2 /* knob@2x.png in Resources */ = {isa = PBXBuildFile; fileRef = 0AAC5943155D3E61008D02C2 /* knob@2x.png */; };
		0AAC5954155D3E61008D02C2 /* now_playing.png in Resources */ = {isa = PBXBuildFile; fileRef = 0AAC5944155D3E61008D02C2 /* now_playing.png */; };
		0AAC5955155D3E61008D02C2 /* now_playing@2x.png in Resources */ = {isa = PBXBuildFile; fileRef = 0AAC5945155D3E61008D02C2 /* now_playing@2x.png */; };
		0AAC5956155D3E61008D02C2 /* pause.png in Resources */ = {isa = PBXBuildFile; fileRef = 0AAC5946155D3E61008D02C2 /* pause.png */; };
		0AAC5957155D3E61008D02C2 /* pause@2x.png in Resources */ = {isa = PBXBuildFile; fileRef = 0AAC5947155D3E61008D02C2 /* pause@2x.png */; };
		0AAC5958155D3E61008D02C2 /* play.png in Resources */ = {isa = PBXBuildFile; fileRef = 0AAC5948155D3E61008D02C2 /* play.png */; };
		0AAC5959155D3E61008D02C2 /* play@2x.png in Resources */ = {isa = PBXBuildFile; fileRef = 0AAC5949155D3E61008D02C2 /* play@2x.png */; };
		0AAC595A155D3E61008D02C2 /* scrub_left.png in Resources */ = {isa = PBXBuildFile; fileRef = 0AAC594A155D3E61008D02C2 /* scrub_left.png */; };
		0AAC595B155D3E61008D02C2 /* scrub_left@2x.png in Resources */ = {isa = PBXBuildFile; fileRef = 0AAC594B155D3E61008D02C2 /* scrub_left@2x.png */; };
		0AAC595C155D3E61008D02C2 /* scrub_right.png in Resources */ = {isa = PBXBuildFile; fileRef = 0AAC594C155D3E61008D02C2 /* scrub_right.png */; };
		0AAC595D155D3E61008D02C2 /* scrub_right@2x.png in Resources */ = {isa = PBXBuildFile; fileRef = 0AAC594D155D3E61008D02C2 /* scrub_right@2x.png */; };
		0AAC595E155D3E61008D02C2 /* volume.png in Resources */ = {isa = PBXBuildFile; fileRef = 0AAC594E155D3E61008D02C2 /* volume.png */; };
		0AAC595F155D3E61008D02C2 /* volume@2x.png in Resources */ = {isa = PBXBuildFile; fileRef = 0AAC594F155D3E61008D02C2 /* volume@2x.png */; };
		0AAC5961155D3F10008D02C2 /* MainWindow.xib in Resources */ = {isa = PBXBuildFile; fileRef = 0AAC5960155D3F10008D02C2 /* MainWindow.xib */; };
		0AAC5971155D5B13008D02C2 /* Icon.png in Resources */ = {isa = PBXBuildFile; fileRef = 0AAC596F155D5B13008D02C2 /* Icon.png */; };
		0AAC5972155D5B13008D02C2 /* Icon@2x.png in Resources */ = {isa = PBXBuildFile; fileRef = 0AAC5970155D5B13008D02C2 /* Icon@2x.png */; };
		0AEAC3CA16109B1A00AEAB20 /* Default-568h@2x.png in Resources */ = {isa = PBXBuildFile; fileRef = 0AEAC3C716109B1A00AEAB20 /* Default-568h@2x.png */; };
		0AEAC3CB16109B1A00AEAB20 /* Default.png in Resources */ = {isa = PBXBuildFile; fileRef = 0AEAC3C816109B1A00AEAB20 /* Default.png */; };
		0AEAC3CC16109B1A00AEAB20 /* Default@2x.png in Resources */ = {isa = PBXBuildFile; fileRef = 0AEAC3C916109B1A00AEAB20 /* Default@2x.png */; };
		0AEAC3CF16109B2200AEAB20 /* bg-i5.png in Resources */ = {isa = PBXBuildFile; fileRef = 0AEAC3CE16109B2200AEAB20 /* bg-i5.png */; };
		0AEAC3D116109B8700AEAB20 /* MediaPlayer.framework in Frameworks */ = {isa = PBXBuildFile; fileRef = 0AEAC3D016109B8700AEAB20 /* MediaPlayer.framework */; };
/* End PBXBuildFile section */

/* Begin PBXFileReference section */
		0A2FA49C1712B6D800B5797C /* RadioTunes.framework */ = {isa = PBXFileReference; lastKnownFileType = wrapper.framework; path = RadioTunes.framework; sourceTree = "<group>"; };
		0A46520816A6DAEE0055687E /* AVFoundation.framework */ = {isa = PBXFileReference; lastKnownFileType = wrapper.framework; name = AVFoundation.framework; path = System/Library/Frameworks/AVFoundation.framework; sourceTree = SDKROOT; };
		0A46520C16A6DB060055687E /* RecordingsViewController.h */ = {isa = PBXFileReference; fileEncoding = 4; lastKnownFileType = sourcecode.c.h; path = RecordingsViewController.h; sourceTree = "<group>"; };
		0A46520D16A6DB060055687E /* RecordingsViewController.m */ = {isa = PBXFileReference; fileEncoding = 4; lastKnownFileType = sourcecode.c.objc; path = RecordingsViewController.m; sourceTree = "<group>"; };
		0A46520F16A6DB130055687E /* RecordingsView.xib */ = {isa = PBXFileReference; fileEncoding = 4; lastKnownFileType = file.xib; path = RecordingsView.xib; sourceTree = "<group>"; };
		0A46521716A6DC010055687E /* bar.png */ = {isa = PBXFileReference; lastKnownFileType = image.png; path = bar.png; sourceTree = "<group>"; };
		0A46521816A6DC010055687E /* bar@2x.png */ = {isa = PBXFileReference; lastKnownFileType = image.png; path = "bar@2x.png"; sourceTree = "<group>"; };
		0A46521916A6DC010055687E /* record_off.png */ = {isa = PBXFileReference; lastKnownFileType = image.png; path = record_off.png; sourceTree = "<group>"; };
		0A46521A16A6DC010055687E /* record_off@2x.png */ = {isa = PBXFileReference; lastKnownFileType = image.png; path = "record_off@2x.png"; sourceTree = "<group>"; };
		0A46521B16A6DC010055687E /* record_on.png */ = {isa = PBXFileReference; lastKnownFileType = image.png; path = record_on.png; sourceTree = "<group>"; };
		0A46521C16A6DC010055687E /* record_on@2x.png */ = {isa = PBXFileReference; lastKnownFileType = image.png; path = "record_on@2x.png"; sourceTree = "<group>"; };
		0AAC58C4155D3A65008D02C2 /* Demo.app */ = {isa = PBXFileReference; explicitFileType = wrapper.application; includeInIndex = 0; path = Demo.app; sourceTree = BUILT_PRODUCTS_DIR; };
		0AAC58C8155D3A65008D02C2 /* UIKit.framework */ = {isa = PBXFileReference; lastKnownFileType = wrapper.framework; name = UIKit.framework; path = System/Library/Frameworks/UIKit.framework; sourceTree = SDKROOT; };
		0AAC58CA155D3A65008D02C2 /* Foundation.framework */ = {isa = PBXFileReference; lastKnownFileType = wrapper.framework; name = Foundation.framework; path = System/Library/Frameworks/Foundation.framework; sourceTree = SDKROOT; };
		0AAC58CC155D3A65008D02C2 /* CoreGraphics.framework */ = {isa = PBXFileReference; lastKnownFileType = wrapper.framework; name = CoreGraphics.framework; path = System/Library/Frameworks/CoreGraphics.framework; sourceTree = SDKROOT; };
		0AAC58D0155D3A65008D02C2 /* Demo-Info.plist */ = {isa = PBXFileReference; lastKnownFileType = text.plist.xml; path = "Demo-Info.plist"; sourceTree = "<group>"; };
		0AAC58D2155D3A65008D02C2 /* en */ = {isa = PBXFileReference; lastKnownFileType = text.plist.strings; name = en; path = en.lproj/InfoPlist.strings; sourceTree = "<group>"; };
		0AAC58D4155D3A65008D02C2 /* main.m */ = {isa = PBXFileReference; lastKnownFileType = sourcecode.c.objc; path = main.m; sourceTree = "<group>"; };
		0AAC58D6155D3A65008D02C2 /* Demo-Prefix.pch */ = {isa = PBXFileReference; lastKnownFileType = sourcecode.c.h; path = "Demo-Prefix.pch"; sourceTree = "<group>"; };
		0AAC58D7155D3A65008D02C2 /* AppDelegate.h */ = {isa = PBXFileReference; lastKnownFileType = sourcecode.c.h; path = AppDelegate.h; sourceTree = "<group>"; };
		0AAC58D8155D3A65008D02C2 /* AppDelegate.m */ = {isa = PBXFileReference; lastKnownFileType = sourcecode.c.objc; path = AppDelegate.m; sourceTree = "<group>"; };
		0AAC58DF155D3AD3008D02C2 /* MainViewController.h */ = {isa = PBXFileReference; fileEncoding = 4; lastKnownFileType = sourcecode.c.h; path = MainViewController.h; sourceTree = "<group>"; };
		0AAC58E0155D3AD3008D02C2 /* MainViewController.m */ = {isa = PBXFileReference; fileEncoding = 4; lastKnownFileType = sourcecode.c.objc; path = MainViewController.m; sourceTree = "<group>"; };
		0AAC58E2155D3ADC008D02C2 /* MainView.xib */ = {isa = PBXFileReference; fileEncoding = 4; lastKnownFileType = file.xib; path = MainView.xib; sourceTree = "<group>"; };
		0AAC5935155D3B65008D02C2 /* AudioToolbox.framework */ = {isa = PBXFileReference; lastKnownFileType = wrapper.framework; name = AudioToolbox.framework; path = System/Library/Frameworks/AudioToolbox.framework; sourceTree = SDKROOT; };
		0AAC5937155D3B6E008D02C2 /* SystemConfiguration.framework */ = {isa = PBXFileReference; lastKnownFileType = wrapper.framework; name = SystemConfiguration.framework; path = System/Library/Frameworks/SystemConfiguration.framework; sourceTree = SDKROOT; };
		0AAC5939155D3B81008D02C2 /* libxml2.dylib */ = {isa = PBXFileReference; lastKnownFileType = "compiled.mach-o.dylib"; name = libxml2.dylib; path = usr/lib/libxml2.dylib; sourceTree = SDKROOT; };
		0AAC593B155D3B87008D02C2 /* libz.dylib */ = {isa = PBXFileReference; lastKnownFileType = "compiled.mach-o.dylib"; name = libz.dylib; path = usr/lib/libz.dylib; sourceTree = SDKROOT; };
		0AAC5940155D3E61008D02C2 /* bg.png */ = {isa = PBXFileReference; lastKnownFileType = image.png; path = bg.png; sourceTree = "<group>"; };
		0AAC5941155D3E61008D02C2 /* bg@2x.png */ = {isa = PBXFileReference; lastKnownFileType = image.png; path = "bg@2x.png"; sourceTree = "<group>"; };
		0AAC5942155D3E61008D02C2 /* knob.png */ = {isa = PBXFileReference; lastKnownFileType = image.png; path = knob.png; sourceTree = "<group>"; };
		0AAC5943155D3E61008D02C2 /* knob@2x.png */ = {isa = PBXFileReference; lastKnownFileType = image.png; path = "knob@2x.png"; sourceTree = "<group>"; };
		0AAC5944155D3E61008D02C2 /* now_playing.png */ = {isa = PBXFileReference; lastKnownFileType = image.png; path = now_playing.png; sourceTree = "<group>"; };
		0AAC5945155D3E61008D02C2 /* now_playing@2x.png */ = {isa = PBXFileReference; lastKnownFileType = image.png; path = "now_playing@2x.png"; sourceTree = "<group>"; };
		0AAC5946155D3E61008D02C2 /* pause.png */ = {isa = PBXFileReference; lastKnownFileType = image.png; path = pause.png; sourceTree = "<group>"; };
		0AAC5947155D3E61008D02C2 /* pause@2x.png */ = {isa = PBXFileReference; lastKnownFileType = image.png; path = "pause@2x.png"; sourceTree = "<group>"; };
		0AAC5948155D3E61008D02C2 /* play.png */ = {isa = PBXFileReference; lastKnownFileType = image.png; path = play.png; sourceTree = "<group>"; };
		0AAC5949155D3E61008D02C2 /* play@2x.png */ = {isa = PBXFileReference; lastKnownFileType = image.png; path = "play@2x.png"; sourceTree = "<group>"; };
		0AAC594A155D3E61008D02C2 /* scrub_left.png */ = {isa = PBXFileReference; lastKnownFileType = image.png; path = scrub_left.png; sourceTree = "<group>"; };
		0AAC594B155D3E61008D02C2 /* scrub_left@2x.png */ = {isa = PBXFileReference; lastKnownFileType = image.png; path = "scrub_left@2x.png"; sourceTree = "<group>"; };
		0AAC594C155D3E61008D02C2 /* scrub_right.png */ = {isa = PBXFileReference; lastKnownFileType = image.png; path = scrub_right.png; sourceTree = "<group>"; };
		0AAC594D155D3E61008D02C2 /* scrub_right@2x.png */ = {isa = PBXFileReference; lastKnownFileType = image.png; path = "scrub_right@2x.png"; sourceTree = "<group>"; };
		0AAC594E155D3E61008D02C2 /* volume.png */ = {isa = PBXFileReference; lastKnownFileType = image.png; path = volume.png; sourceTree = "<group>"; };
		0AAC594F155D3E61008D02C2 /* volume@2x.png */ = {isa = PBXFileReference; lastKnownFileType = image.png; path = "volume@2x.png"; sourceTree = "<group>"; };
		0AAC5960155D3F10008D02C2 /* MainWindow.xib */ = {isa = PBXFileReference; fileEncoding = 4; lastKnownFileType = file.xib; path = MainWindow.xib; sourceTree = "<group>"; };
		0AAC596F155D5B13008D02C2 /* Icon.png */ = {isa = PBXFileReference; lastKnownFileType = image.png; path = Icon.png; sourceTree = "<group>"; };
		0AAC5970155D5B13008D02C2 /* Icon@2x.png */ = {isa = PBXFileReference; lastKnownFileType = image.png; path = "Icon@2x.png"; sourceTree = "<group>"; };
		0AEAC3C716109B1A00AEAB20 /* Default-568h@2x.png */ = {isa = PBXFileReference; lastKnownFileType = image.png; path = "Default-568h@2x.png"; sourceTree = "<group>"; };
		0AEAC3C816109B1A00AEAB20 /* Default.png */ = {isa = PBXFileReference; lastKnownFileType = image.png; path = Default.png; sourceTree = "<group>"; };
		0AEAC3C916109B1A00AEAB20 /* Default@2x.png */ = {isa = PBXFileReference; lastKnownFileType = image.png; path = "Default@2x.png"; sourceTree = "<group>"; };
		0AEAC3CE16109B2200AEAB20 /* bg-i5.png */ = {isa = PBXFileReference; lastKnownFileType = image.png; path = "bg-i5.png"; sourceTree = "<group>"; };
		0AEAC3D016109B8700AEAB20 /* MediaPlayer.framework */ = {isa = PBXFileReference; lastKnownFileType = wrapper.framework; name = MediaPlayer.framework; path = System/Library/Frameworks/MediaPlayer.framework; sourceTree = SDKROOT; };
/* End PBXFileReference section */

/* Begin PBXFrameworksBuildPhase section */
		0AAC58C1155D3A65008D02C2 /* Frameworks */ = {
			isa = PBXFrameworksBuildPhase;
			buildActionMask = 2147483647;
			files = (
				0A46522A16A6DD3B0055687E /* libz.dylib in Frameworks */,
				0A46522716A6DD290055687E /* libxml2.dylib in Frameworks */,
				0A46520916A6DAEE0055687E /* AVFoundation.framework in Frameworks */,
				0AEAC3D116109B8700AEAB20 /* MediaPlayer.framework in Frameworks */,
				0AAC5938155D3B6E008D02C2 /* SystemConfiguration.framework in Frameworks */,
				0AAC5936155D3B65008D02C2 /* AudioToolbox.framework in Frameworks */,
				0AAC58C9155D3A65008D02C2 /* UIKit.framework in Frameworks */,
				0AAC58CB155D3A65008D02C2 /* Foundation.framework in Frameworks */,
				0AAC58CD155D3A65008D02C2 /* CoreGraphics.framework in Frameworks */,
				0A2FA49D1712B6D800B5797C /* RadioTunes.framework in Frameworks */,
			);
			runOnlyForDeploymentPostprocessing = 0;
		};
/* End PBXFrameworksBuildPhase section */

/* Begin PBXGroup section */
		0A46521116A6DB160055687E /* XIB */ = {
			isa = PBXGroup;
			children = (
				0A46520F16A6DB130055687E /* RecordingsView.xib */,
				0AAC58E2155D3ADC008D02C2 /* MainView.xib */,
				0AAC5960155D3F10008D02C2 /* MainWindow.xib */,
			);
			name = XIB;
			sourceTree = "<group>";
		};
		0AAC58B9155D3A65008D02C2 = {
			isa = PBXGroup;
			children = (
				0AAC58CE155D3A65008D02C2 /* Demo */,
				0AAC58C7155D3A65008D02C2 /* Frameworks */,
				0AAC58C5155D3A65008D02C2 /* Products */,
			);
			sourceTree = "<group>";
		};
		0AAC58C5155D3A65008D02C2 /* Products */ = {
			isa = PBXGroup;
			children = (
				0AAC58C4155D3A65008D02C2 /* Demo.app */,
			);
			name = Products;
			sourceTree = "<group>";
		};
		0AAC58C7155D3A65008D02C2 /* Frameworks */ = {
			isa = PBXGroup;
			children = (
				0A2FA49C1712B6D800B5797C /* RadioTunes.framework */,
				0A46520816A6DAEE0055687E /* AVFoundation.framework */,
				0AEAC3D016109B8700AEAB20 /* MediaPlayer.framework */,
				0AAC593B155D3B87008D02C2 /* libz.dylib */,
				0AAC5939155D3B81008D02C2 /* libxml2.dylib */,
				0AAC5937155D3B6E008D02C2 /* SystemConfiguration.framework */,
				0AAC5935155D3B65008D02C2 /* AudioToolbox.framework */,
				0AAC58C8155D3A65008D02C2 /* UIKit.framework */,
				0AAC58CA155D3A65008D02C2 /* Foundation.framework */,
				0AAC58CC155D3A65008D02C2 /* CoreGraphics.framework */,
			);
			name = Frameworks;
			sourceTree = "<group>";
		};
		0AAC58CE155D3A65008D02C2 /* Demo */ = {
			isa = PBXGroup;
			children = (
				0A46520C16A6DB060055687E /* RecordingsViewController.h */,
				0A46520D16A6DB060055687E /* RecordingsViewController.m */,
				0AAC58DF155D3AD3008D02C2 /* MainViewController.h */,
				0AAC58E0155D3AD3008D02C2 /* MainViewController.m */,
				0AAC58D7155D3A65008D02C2 /* AppDelegate.h */,
				0AAC58D8155D3A65008D02C2 /* AppDelegate.m */,
				0AAC58CF155D3A65008D02C2 /* Supporting Files */,
			);
			path = Demo;
			sourceTree = "<group>";
		};
		0AAC58CF155D3A65008D02C2 /* Supporting Files */ = {
			isa = PBXGroup;
			children = (
				0A46521116A6DB160055687E /* XIB */,
				0AAC596E155D5B13008D02C2 /* AppImages */,
				0AAC593F155D3E61008D02C2 /* Images */,
				0AAC58D0155D3A65008D02C2 /* Demo-Info.plist */,
				0AAC58D1155D3A65008D02C2 /* InfoPlist.strings */,
				0AAC58D4155D3A65008D02C2 /* main.m */,
				0AAC58D6155D3A65008D02C2 /* Demo-Prefix.pch */,
			);
			name = "Supporting Files";
			sourceTree = "<group>";
		};
		0AAC593F155D3E61008D02C2 /* Images */ = {
			isa = PBXGroup;
			children = (
				0A46521716A6DC010055687E /* bar.png */,
				0A46521816A6DC010055687E /* bar@2x.png */,
				0A46521916A6DC010055687E /* record_off.png */,
				0A46521A16A6DC010055687E /* record_off@2x.png */,
				0A46521B16A6DC010055687E /* record_on.png */,
				0A46521C16A6DC010055687E /* record_on@2x.png */,
				0AEAC3CE16109B2200AEAB20 /* bg-i5.png */,
				0AAC5940155D3E61008D02C2 /* bg.png */,
				0AAC5941155D3E61008D02C2 /* bg@2x.png */,
				0AAC5942155D3E61008D02C2 /* knob.png */,
				0AAC5943155D3E61008D02C2 /* knob@2x.png */,
				0AAC5944155D3E61008D02C2 /* now_playing.png */,
				0AAC5945155D3E61008D02C2 /* now_playing@2x.png */,
				0AAC5946155D3E61008D02C2 /* pause.png */,
				0AAC5947155D3E61008D02C2 /* pause@2x.png */,
				0AAC5948155D3E61008D02C2 /* play.png */,
				0AAC5949155D3E61008D02C2 /* play@2x.png */,
				0AAC594A155D3E61008D02C2 /* scrub_left.png */,
				0AAC594B155D3E61008D02C2 /* scrub_left@2x.png */,
				0AAC594C155D3E61008D02C2 /* scrub_right.png */,
				0AAC594D155D3E61008D02C2 /* scrub_right@2x.png */,
				0AAC594E155D3E61008D02C2 /* volume.png */,
				0AAC594F155D3E61008D02C2 /* volume@2x.png */,
			);
			path = Images;
			sourceTree = SOURCE_ROOT;
		};
		0AAC596E155D5B13008D02C2 /* AppImages */ = {
			isa = PBXGroup;
			children = (
				0AEAC3C716109B1A00AEAB20 /* Default-568h@2x.png */,
				0AEAC3C816109B1A00AEAB20 /* Default.png */,
				0AEAC3C916109B1A00AEAB20 /* Default@2x.png */,
				0AAC596F155D5B13008D02C2 /* Icon.png */,
				0AAC5970155D5B13008D02C2 /* Icon@2x.png */,
			);
			path = AppImages;
			sourceTree = SOURCE_ROOT;
		};
/* End PBXGroup section */

/* Begin PBXNativeTarget section */
		0AAC58C3155D3A65008D02C2 /* Demo */ = {
			isa = PBXNativeTarget;
			buildConfigurationList = 0AAC58DC155D3A65008D02C2 /* Build configuration list for PBXNativeTarget "Demo" */;
			buildPhases = (
				0AAC58C0155D3A65008D02C2 /* Sources */,
				0AAC58C1155D3A65008D02C2 /* Frameworks */,
				0AAC58C2155D3A65008D02C2 /* Resources */,
			);
			buildRules = (
			);
			dependencies = (
			);
			name = Demo;
			productName = Demo;
			productReference = 0AAC58C4155D3A65008D02C2 /* Demo.app */;
			productType = "com.apple.product-type.application";
		};
/* End PBXNativeTarget section */

/* Begin PBXProject section */
		0AAC58BB155D3A65008D02C2 /* Project object */ = {
			isa = PBXProject;
			attributes = {
				LastUpgradeCheck = 0460;
			};
			buildConfigurationList = 0AAC58BE155D3A65008D02C2 /* Build configuration list for PBXProject "Demo" */;
			compatibilityVersion = "Xcode 3.2";
			developmentRegion = English;
			hasScannedForEncodings = 0;
			knownRegions = (
				en,
			);
			mainGroup = 0AAC58B9155D3A65008D02C2;
			productRefGroup = 0AAC58C5155D3A65008D02C2 /* Products */;
			projectDirPath = "";
			projectRoot = "";
			targets = (
				0AAC58C3155D3A65008D02C2 /* Demo */,
			);
		};
/* End PBXProject section */

/* Begin PBXResourcesBuildPhase section */
		0AAC58C2155D3A65008D02C2 /* Resources */ = {
			isa = PBXResourcesBuildPhase;
			buildActionMask = 2147483647;
			files = (
				0AAC58D3155D3A65008D02C2 /* InfoPlist.strings in Resources */,
				0AAC58E3155D3ADC008D02C2 /* MainView.xib in Resources */,
				0AAC5950155D3E61008D02C2 /* bg.png in Resources */,
				0AAC5951155D3E61008D02C2 /* bg@2x.png in Resources */,
				0AAC5952155D3E61008D02C2 /* knob.png in Resources */,
				0AAC5953155D3E61008D02C2 /* knob@2x.png in Resources */,
				0AAC5954155D3E61008D02C2 /* now_playing.png in Resources */,
				0AAC5955155D3E61008D02C2 /* now_playing@2x.png in Resources */,
				0AAC5956155D3E61008D02C2 /* pause.png in Resources */,
				0AAC5957155D3E61008D02C2 /* pause@2x.png in Resources */,
				0AAC5958155D3E61008D02C2 /* play.png in Resources */,
				0AAC5959155D3E61008D02C2 /* play@2x.png in Resources */,
				0AAC595A155D3E61008D02C2 /* scrub_left.png in Resources */,
				0AAC595B155D3E61008D02C2 /* scrub_left@2x.png in Resources */,
				0AAC595C155D3E61008D02C2 /* scrub_right.png in Resources */,
				0AAC595D155D3E61008D02C2 /* scrub_right@2x.png in Resources */,
				0AAC595E155D3E61008D02C2 /* volume.png in Resources */,
				0AAC595F155D3E61008D02C2 /* volume@2x.png in Resources */,
				0AAC5961155D3F10008D02C2 /* MainWindow.xib in Resources */,
				0AAC5971155D5B13008D02C2 /* Icon.png in Resources */,
				0AAC5972155D5B13008D02C2 /* Icon@2x.png in Resources */,
				0AEAC3CA16109B1A00AEAB20 /* Default-568h@2x.png in Resources */,
				0AEAC3CB16109B1A00AEAB20 /* Default.png in Resources */,
				0AEAC3CC16109B1A00AEAB20 /* Default@2x.png in Resources */,
				0AEAC3CF16109B2200AEAB20 /* bg-i5.png in Resources */,
				0A46521016A6DB130055687E /* RecordingsView.xib in Resources */,
				0A46521D16A6DC010055687E /* bar.png in Resources */,
				0A46521E16A6DC010055687E /* bar@2x.png in Resources */,
				0A46521F16A6DC010055687E /* record_off.png in Resources */,
				0A46522016A6DC010055687E /* record_off@2x.png in Resources */,
				0A46522116A6DC010055687E /* record_on.png in Resources */,
				0A46522216A6DC010055687E /* record_on@2x.png in Resources */,
			);
			runOnlyForDeploymentPostprocessing = 0;
		};
/* End PBXResourcesBuildPhase section */

/* Begin PBXSourcesBuildPhase section */
		0AAC58C0155D3A65008D02C2 /* Sources */ = {
			isa = PBXSourcesBuildPhase;
			buildActionMask = 2147483647;
			files = (
				0AAC58D5155D3A65008D02C2 /* main.m in Sources */,
				0AAC58D9155D3A65008D02C2 /* AppDelegate.m in Sources */,
				0AAC58E1155D3AD3008D02C2 /* MainViewController.m in Sources */,
				0A46520E16A6DB060055687E /* RecordingsViewController.m in Sources */,
			);
			runOnlyForDeploymentPostprocessing = 0;
		};
/* End PBXSourcesBuildPhase section */

/* Begin PBXVariantGroup section */
		0AAC58D1155D3A65008D02C2 /* InfoPlist.strings */ = {
			isa = PBXVariantGroup;
			children = (
				0AAC58D2155D3A65008D02C2 /* en */,
			);
			name = InfoPlist.strings;
			sourceTree = "<group>";
		};
/* End PBXVariantGroup section */

/* Begin XCBuildConfiguration section */
		0AAC58DA155D3A65008D02C2 /* Debug */ = {
			isa = XCBuildConfiguration;
			buildSettings = {
				ALWAYS_SEARCH_USER_PATHS = NO;
				ARCHS = "$(ARCHS_STANDARD_32_BIT)";
				CLANG_WARN_CONSTANT_CONVERSION = YES;
				CLANG_WARN_ENUM_CONVERSION = YES;
				CLANG_WARN_INT_CONVERSION = YES;
				CLANG_WARN__DUPLICATE_METHOD_MATCH = YES;
				"CODE_SIGN_IDENTITY[sdk=iphoneos*]" = "iPhone Developer";
				COPY_PHASE_STRIP = NO;
				GCC_C_LANGUAGE_STANDARD = gnu99;
				GCC_DYNAMIC_NO_PIC = NO;
				GCC_OPTIMIZATION_LEVEL = 0;
				GCC_PREPROCESSOR_DEFINITIONS = (
					"DEBUG=1",
					"$(inherited)",
				);
				GCC_SYMBOLS_PRIVATE_EXTERN = NO;
				GCC_VERSION = com.apple.compilers.llvm.clang.1_0;
				GCC_WARN_ABOUT_RETURN_TYPE = YES;
				GCC_WARN_UNINITIALIZED_AUTOS = YES;
				GCC_WARN_UNUSED_VARIABLE = YES;
				IPHONEOS_DEPLOYMENT_TARGET = 5.1;
				SDKROOT = iphoneos;
			};
			name = Debug;
		};
		0AAC58DB155D3A65008D02C2 /* Release */ = {
			isa = XCBuildConfiguration;
			buildSettings = {
				ALWAYS_SEARCH_USER_PATHS = NO;
				ARCHS = "$(ARCHS_STANDARD_32_BIT)";
				CLANG_WARN_CONSTANT_CONVERSION = YES;
				CLANG_WARN_ENUM_CONVERSION = YES;
				CLANG_WARN_INT_CONVERSION = YES;
				CLANG_WARN__DUPLICATE_METHOD_MATCH = YES;
				"CODE_SIGN_IDENTITY[sdk=iphoneos*]" = "iPhone Developer";
				COPY_PHASE_STRIP = YES;
				GCC_C_LANGUAGE_STANDARD = gnu99;
				GCC_VERSION = com.apple.compilers.llvm.clang.1_0;
				GCC_WARN_ABOUT_RETURN_TYPE = YES;
				GCC_WARN_UNINITIALIZED_AUTOS = YES;
				GCC_WARN_UNUSED_VARIABLE = YES;
				IPHONEOS_DEPLOYMENT_TARGET = 5.1;
				OTHER_CFLAGS = "-DNS_BLOCK_ASSERTIONS=1";
				SDKROOT = iphoneos;
				VALIDATE_PRODUCT = YES;
			};
			name = Release;
		};
		0AAC58DD155D3A65008D02C2 /* Debug */ = {
			isa = XCBuildConfiguration;
			buildSettings = {
				ARCHS = armv7;
				FRAMEWORK_SEARCH_PATHS = (
					"$(inherited)",
					"\"$(SRCROOT)\"",
				);
				GCC_PRECOMPILE_PREFIX_HEADER = YES;
				GCC_PREFIX_HEADER = "Demo/Demo-Prefix.pch";
				HEADER_SEARCH_PATHS = "";
				INFOPLIST_FILE = "Demo/Demo-Info.plist";
				IPHONEOS_DEPLOYMENT_TARGET = 5.0;
				LD_NO_PIE = YES;
				LIBRARY_SEARCH_PATHS = "$(inherited)";
				OTHER_LDFLAGS = (
					"-all_load",
					"-Objc",
				);
				PRODUCT_NAME = "$(TARGET_NAME)";
				VALID_ARCHS = armv7;
				WRAPPER_EXTENSION = app;
			};
			name = Debug;
		};
		0AAC58DE155D3A65008D02C2 /* Release */ = {
			isa = XCBuildConfiguration;
			buildSettings = {
				ARCHS = armv7;
				FRAMEWORK_SEARCH_PATHS = (
					"$(inherited)",
					"\"$(SRCROOT)\"",
				);
				GCC_PRECOMPILE_PREFIX_HEADER = YES;
				GCC_PREFIX_HEADER = "Demo/Demo-Prefix.pch";
				HEADER_SEARCH_PATHS = "";
				INFOPLIST_FILE = "Demo/Demo-Info.plist";
				IPHONEOS_DEPLOYMENT_TARGET = 5.0;
				LD_NO_PIE = YES;
				LIBRARY_SEARCH_PATHS = "$(inherited)";
				OTHER_LDFLAGS = (
					"-all_load",
					"-Objc",
				);
				PRODUCT_NAME = "$(TARGET_NAME)";
				VALID_ARCHS = armv7;
				WRAPPER_EXTENSION = app;
			};
			name = Release;
		};
/* End XCBuildConfiguration section */

/* Begin XCConfigurationList section */
		0AAC58BE155D3A65008D02C2 /* Build configuration list for PBXProject "Demo" */ = {
			isa = XCConfigurationList;
			buildConfigurations = (
				0AAC58DA155D3A65008D02C2 /* Debug */,
				0AAC58DB155D3A65008D02C2 /* Release */,
			);
			defaultConfigurationIsVisible = 0;
			defaultConfigurationName = Release;
		};
		0AAC58DC155D3A65008D02C2 /* Build configuration list for PBXNativeTarget "Demo" */ = {
			isa = XCConfigurationList;
			buildConfigurations = (
				0AAC58DD155D3A65008D02C2 /* Debug */,
				0AAC58DE155D3A65008D02C2 /* Release */,
			);
			defaultConfigurationIsVisible = 0;
			defaultConfigurationName = Release;
		};
/* End XCConfigurationList section */
	};
	rootObject = 0AAC58BB155D3A65008D02C2 /* Project object */;
}
